
Microsoft Visual Studio Solution File, Format Version 12.00
# Visual Studio Version 16
VisualStudioVersion = 16.0.31410.357
MinimumVisualStudioVersion = 10.0.40219.1
Project("{9A19103F-16F7-4668-BE54-9A1E7A4F7556}") = "VaccineCenter.DAL", "VaccineCenter.DAL\VaccineCenter.DAL.csproj", "{E7C51D5E-CF7D-4D5D-8023-8791B28CE832}"
EndProject
Project("{9A19103F-16F7-4668-BE54-9A1E7A4F7556}") = "VaccineCenter.ASP", "VaccineCenter.ASP\VaccineCenter.ASP.csproj", "{243B3033-D601-4E0A-A152-56D8B8697C95}"
EndProject
Project("{9A19103F-16F7-4668-BE54-9A1E7A4F7556}") = "VaccineCenter.Services", "VaccineCenter.Service\VaccineCenter.Services.csproj", "{2EF307BB-C021-4B8F-80F8-1F3A56F6BE1A}"
EndProject
Project("{9A19103F-16F7-4668-BE54-9A1E7A4F7556}") = "VaccineCenter.Models", "VaccineCenter.Models\VaccineCenter.Models.csproj", "{3D4FA972-3932-48AC-9B5D-697555F3B23A}"
EndProject
Project("{9A19103F-16F7-4668-BE54-9A1E7A4F7556}") = "ServiceASP", "..\ServiceASP.Net\ServiceASP.csproj", "{01724F51-6A9E-47D0-8F92-08BCFE6B3469}"
EndProject
Global
	GlobalSection(SolutionConfigurationPlatforms) = preSolution
		Debug|Any CPU = Debug|Any CPU
		Release|Any CPU = Release|Any CPU
	EndGlobalSection
	GlobalSection(ProjectConfigurationPlatforms) = postSolution
		{E7C51D5E-CF7D-4D5D-8023-8791B28CE832}.Debug|Any CPU.ActiveCfg = Debug|Any CPU
		{E7C51D5E-CF7D-4D5D-8023-8791B28CE832}.Debug|Any CPU.Build.0 = Debug|Any CPU
		{E7C51D5E-CF7D-4D5D-8023-8791B28CE832}.Release|Any CPU.ActiveCfg = Release|Any CPU
		{E7C51D5E-CF7D-4D5D-8023-8791B28CE832}.Release|Any CPU.Build.0 = Release|Any CPU
		{243B3033-D601-4E0A-A152-56D8B8697C95}.Debug|Any CPU.ActiveCfg = Debug|Any CPU
		{243B3033-D601-4E0A-A152-56D8B8697C95}.Debug|Any CPU.Build.0 = Debug|Any CPU
		{243B3033-D601-4E0A-A152-56D8B8697C95}.Release|Any CPU.ActiveCfg = Release|Any CPU
		{243B3033-D601-4E0A-A152-56D8B8697C95}.Release|Any CPU.Build.0 = Release|Any CPU
		{2EF307BB-C021-4B8F-80F8-1F3A56F6BE1A}.Debug|Any CPU.ActiveCfg = Debug|Any CPU
		{2EF307BB-C021-4B8F-80F8-1F3A56F6BE1A}.Debug|Any CPU.Build.0 = Debug|Any CPU
		{2EF307BB-C021-4B8F-80F8-1F3A56F6BE1A}.Release|Any CPU.ActiveCfg = Release|Any CPU
		{2EF307BB-C021-4B8F-80F8-1F3A56F6BE1A}.Release|Any CPU.Build.0 = Release|Any CPU
		{3D4FA972-3932-48AC-9B5D-697555F3B23A}.Debug|Any CPU.ActiveCfg = Debug|Any CPU
		{3D4FA972-3932-48AC-9B5D-697555F3B23A}.Debug|Any CPU.Build.0 = Debug|Any CPU
		{3D4FA972-3932-48AC-9B5D-697555F3B23A}.Release|Any CPU.ActiveCfg = Release|Any CPU
		{3D4FA972-3932-48AC-9B5D-697555F3B23A}.Release|Any CPU.Build.0 = Release|Any CPU
		{01724F51-6A9E-47D0-8F92-08BCFE6B3469}.Debug|Any CPU.ActiveCfg = Debug|Any CPU
		{01724F51-6A9E-47D0-8F92-08BCFE6B3469}.Debug|Any CPU.Build.0 = Debug|Any CPU
		{01724F51-6A9E-47D0-8F92-08BCFE6B3469}.Release|Any CPU.ActiveCfg = Release|Any CPU
		{01724F51-6A9E-47D0-8F92-08BCFE6B3469}.Release|Any CPU.Build.0 = Release|Any CPU
	EndGlobalSection
	GlobalSection(SolutionProperties) = preSolution
		HideSolutionNode = FALSE
	EndGlobalSection
	GlobalSection(ExtensibilityGlobals) = postSolution
		SolutionGuid = {D1ECCC31-F63C-436F-9D4F-2D350B24D27F}
	EndGlobalSection
EndGlobal
